
Microsoft Visual Studio Solution File, Format Version 12.00
# Visual Studio 15
VisualStudioVersion = 15.0.28010.2046
MinimumVisualStudioVersion = 10.0.40219.1
Project("{FAE04EC0-301F-11D3-BF4B-00C04F79EFBC}") = "Zoo_Animal_Big_Small", "Zoo_Animal_Big_Small\Zoo_Animal_Big_Small.csproj", "{9405D4B0-D11F-4701-9B3B-5E85C83F5DBA}"
EndProject
Global
	GlobalSection(SolutionConfigurationPlatforms) = preSolution
		Debug|Any CPU = Debug|Any CPU
		Release|Any CPU = Release|Any CPU
	EndGlobalSection
	GlobalSection(ProjectConfigurationPlatforms) = postSolution
		{9405D4B0-D11F-4701-9B3B-5E85C83F5DBA}.Debug|Any CPU.ActiveCfg = Debug|Any CPU
		{9405D4B0-D11F-4701-9B3B-5E85C83F5DBA}.Debug|Any CPU.Build.0 = Debug|Any CPU
		{9405D4B0-D11F-4701-9B3B-5E85C83F5DBA}.Release|Any CPU.ActiveCfg = Release|Any CPU
		{9405D4B0-D11F-4701-9B3B-5E85C83F5DBA}.Release|Any CPU.Build.0 = Release|Any CPU
	EndGlobalSection
	GlobalSection(SolutionProperties) = preSolution
		HideSolutionNode = FALSE
	EndGlobalSection
	GlobalSection(ExtensibilityGlobals) = postSolution
		SolutionGuid = {C9831A97-DBFA-45DA-AF76-2FC8439E77FD}
	EndGlobalSection
EndGlobal
