
Microsoft Visual Studio Solution File, Format Version 12.00
# Visual Studio 15
VisualStudioVersion = 15.0.28307.136
MinimumVisualStudioVersion = 10.0.40219.1
Project("{FAE04EC0-301F-11D3-BF4B-00C04F79EFBC}") = "KudvenkatStudy", "KudvenkatStudy\KudvenkatStudy.csproj", "{6B0D9D4E-7F59-43CE-BF34-712FACAC9E1F}"
EndProject
Project("{FAE04EC0-301F-11D3-BF4B-00C04F79EFBC}") = "48Types_Type_Members", "Types_Type_Members_Part_48\48Types_Type_Members.csproj", "{912A7163-4664-4FE7-80B2-D0DF5CC9A504}"
EndProject
Project("{FAE04EC0-301F-11D3-BF4B-00C04F79EFBC}") = "49Access_Modifiers", "Access_Modifiers\49Access_Modifiers.csproj", "{FCE8B76B-F473-40A7-B022-E4B7AC8C7C40}"
EndProject
Project("{FAE04EC0-301F-11D3-BF4B-00C04F79EFBC}") = "50AssemblyOne", "AssemblyOne\50AssemblyOne.csproj", "{0C4033B3-739C-4EB4-87FF-3014817758D7}"
EndProject
Project("{FAE04EC0-301F-11D3-BF4B-00C04F79EFBC}") = "50AssemblyTwo", "AssemblyTwo\50AssemblyTwo.csproj", "{9A5E3D6D-9853-4A34-BB6C-652A180CE990}"
EndProject
Project("{FAE04EC0-301F-11D3-BF4B-00C04F79EFBC}") = "51AsseblyOne", "51AsseblyOne\51AsseblyOne.csproj", "{4ACC9C7B-3608-4DC1-BBE3-4E574124B616}"
EndProject
Project("{FAE04EC0-301F-11D3-BF4B-00C04F79EFBC}") = "51AssemblyTwo", "51AssemblyTwo\51AssemblyTwo.csproj", "{125DBD1E-BFBA-46F0-9438-C0E07F0E96B1}"
EndProject
Project("{FAE04EC0-301F-11D3-BF4B-00C04F79EFBC}") = "MainConsoleWindow", "MainConsoleWindow\MainConsoleWindow.csproj", "{BBBC9604-7B6F-4932-AE0C-BF853D103AE8}"
EndProject
Project("{FAE04EC0-301F-11D3-BF4B-00C04F79EFBC}") = "54_reflection", "54_reflection\54_reflection.csproj", "{C0A6BA57-2E87-43B1-8D3F-64A03DF6224D}"
EndProject
Project("{FAE04EC0-301F-11D3-BF4B-00C04F79EFBC}") = "55Reflections", "55Reflections\55Reflections.csproj", "{C25FB131-D38D-4319-9099-C787D9677B53}"
EndProject
Global
	GlobalSection(SolutionConfigurationPlatforms) = preSolution
		Debug|Any CPU = Debug|Any CPU
		Debug|ARM = Debug|ARM
		Debug|ARM64 = Debug|ARM64
		Debug|x64 = Debug|x64
		Debug|x86 = Debug|x86
		Release|Any CPU = Release|Any CPU
		Release|ARM = Release|ARM
		Release|ARM64 = Release|ARM64
		Release|x64 = Release|x64
		Release|x86 = Release|x86
	EndGlobalSection
	GlobalSection(ProjectConfigurationPlatforms) = postSolution
		{6B0D9D4E-7F59-43CE-BF34-712FACAC9E1F}.Debug|Any CPU.ActiveCfg = Debug|Any CPU
		{6B0D9D4E-7F59-43CE-BF34-712FACAC9E1F}.Debug|Any CPU.Build.0 = Debug|Any CPU
		{6B0D9D4E-7F59-43CE-BF34-712FACAC9E1F}.Debug|ARM.ActiveCfg = Debug|Any CPU
		{6B0D9D4E-7F59-43CE-BF34-712FACAC9E1F}.Debug|ARM.Build.0 = Debug|Any CPU
		{6B0D9D4E-7F59-43CE-BF34-712FACAC9E1F}.Debug|ARM64.ActiveCfg = Debug|Any CPU
		{6B0D9D4E-7F59-43CE-BF34-712FACAC9E1F}.Debug|ARM64.Build.0 = Debug|Any CPU
		{6B0D9D4E-7F59-43CE-BF34-712FACAC9E1F}.Debug|x64.ActiveCfg = Debug|Any CPU
		{6B0D9D4E-7F59-43CE-BF34-712FACAC9E1F}.Debug|x64.Build.0 = Debug|Any CPU
		{6B0D9D4E-7F59-43CE-BF34-712FACAC9E1F}.Debug|x86.ActiveCfg = Debug|Any CPU
		{6B0D9D4E-7F59-43CE-BF34-712FACAC9E1F}.Debug|x86.Build.0 = Debug|Any CPU
		{6B0D9D4E-7F59-43CE-BF34-712FACAC9E1F}.Release|Any CPU.ActiveCfg = Release|Any CPU
		{6B0D9D4E-7F59-43CE-BF34-712FACAC9E1F}.Release|Any CPU.Build.0 = Release|Any CPU
		{6B0D9D4E-7F59-43CE-BF34-712FACAC9E1F}.Release|ARM.ActiveCfg = Release|Any CPU
		{6B0D9D4E-7F59-43CE-BF34-712FACAC9E1F}.Release|ARM.Build.0 = Release|Any CPU
		{6B0D9D4E-7F59-43CE-BF34-712FACAC9E1F}.Release|ARM64.ActiveCfg = Release|Any CPU
		{6B0D9D4E-7F59-43CE-BF34-712FACAC9E1F}.Release|ARM64.Build.0 = Release|Any CPU
		{6B0D9D4E-7F59-43CE-BF34-712FACAC9E1F}.Release|x64.ActiveCfg = Release|Any CPU
		{6B0D9D4E-7F59-43CE-BF34-712FACAC9E1F}.Release|x64.Build.0 = Release|Any CPU
		{6B0D9D4E-7F59-43CE-BF34-712FACAC9E1F}.Release|x86.ActiveCfg = Release|Any CPU
		{6B0D9D4E-7F59-43CE-BF34-712FACAC9E1F}.Release|x86.Build.0 = Release|Any CPU
		{912A7163-4664-4FE7-80B2-D0DF5CC9A504}.Debug|Any CPU.ActiveCfg = Debug|Any CPU
		{912A7163-4664-4FE7-80B2-D0DF5CC9A504}.Debug|Any CPU.Build.0 = Debug|Any CPU
		{912A7163-4664-4FE7-80B2-D0DF5CC9A504}.Debug|ARM.ActiveCfg = Debug|Any CPU
		{912A7163-4664-4FE7-80B2-D0DF5CC9A504}.Debug|ARM.Build.0 = Debug|Any CPU
		{912A7163-4664-4FE7-80B2-D0DF5CC9A504}.Debug|ARM64.ActiveCfg = Debug|Any CPU
		{912A7163-4664-4FE7-80B2-D0DF5CC9A504}.Debug|ARM64.Build.0 = Debug|Any CPU
		{912A7163-4664-4FE7-80B2-D0DF5CC9A504}.Debug|x64.ActiveCfg = Debug|Any CPU
		{912A7163-4664-4FE7-80B2-D0DF5CC9A504}.Debug|x64.Build.0 = Debug|Any CPU
		{912A7163-4664-4FE7-80B2-D0DF5CC9A504}.Debug|x86.ActiveCfg = Debug|Any CPU
		{912A7163-4664-4FE7-80B2-D0DF5CC9A504}.Debug|x86.Build.0 = Debug|Any CPU
		{912A7163-4664-4FE7-80B2-D0DF5CC9A504}.Release|Any CPU.ActiveCfg = Release|Any CPU
		{912A7163-4664-4FE7-80B2-D0DF5CC9A504}.Release|Any CPU.Build.0 = Release|Any CPU
		{912A7163-4664-4FE7-80B2-D0DF5CC9A504}.Release|ARM.ActiveCfg = Release|Any CPU
		{912A7163-4664-4FE7-80B2-D0DF5CC9A504}.Release|ARM.Build.0 = Release|Any CPU
		{912A7163-4664-4FE7-80B2-D0DF5CC9A504}.Release|ARM64.ActiveCfg = Release|Any CPU
		{912A7163-4664-4FE7-80B2-D0DF5CC9A504}.Release|ARM64.Build.0 = Release|Any CPU
		{912A7163-4664-4FE7-80B2-D0DF5CC9A504}.Release|x64.ActiveCfg = Release|Any CPU
		{912A7163-4664-4FE7-80B2-D0DF5CC9A504}.Release|x64.Build.0 = Release|Any CPU
		{912A7163-4664-4FE7-80B2-D0DF5CC9A504}.Release|x86.ActiveCfg = Release|Any CPU
		{912A7163-4664-4FE7-80B2-D0DF5CC9A504}.Release|x86.Build.0 = Release|Any CPU
		{FCE8B76B-F473-40A7-B022-E4B7AC8C7C40}.Debug|Any CPU.ActiveCfg = Debug|Any CPU
		{FCE8B76B-F473-40A7-B022-E4B7AC8C7C40}.Debug|Any CPU.Build.0 = Debug|Any CPU
		{FCE8B76B-F473-40A7-B022-E4B7AC8C7C40}.Debug|ARM.ActiveCfg = Debug|Any CPU
		{FCE8B76B-F473-40A7-B022-E4B7AC8C7C40}.Debug|ARM.Build.0 = Debug|Any CPU
		{FCE8B76B-F473-40A7-B022-E4B7AC8C7C40}.Debug|ARM64.ActiveCfg = Debug|Any CPU
		{FCE8B76B-F473-40A7-B022-E4B7AC8C7C40}.Debug|ARM64.Build.0 = Debug|Any CPU
		{FCE8B76B-F473-40A7-B022-E4B7AC8C7C40}.Debug|x64.ActiveCfg = Debug|Any CPU
		{FCE8B76B-F473-40A7-B022-E4B7AC8C7C40}.Debug|x64.Build.0 = Debug|Any CPU
		{FCE8B76B-F473-40A7-B022-E4B7AC8C7C40}.Debug|x86.ActiveCfg = Debug|Any CPU
		{FCE8B76B-F473-40A7-B022-E4B7AC8C7C40}.Debug|x86.Build.0 = Debug|Any CPU
		{FCE8B76B-F473-40A7-B022-E4B7AC8C7C40}.Release|Any CPU.ActiveCfg = Release|Any CPU
		{FCE8B76B-F473-40A7-B022-E4B7AC8C7C40}.Release|Any CPU.Build.0 = Release|Any CPU
		{FCE8B76B-F473-40A7-B022-E4B7AC8C7C40}.Release|ARM.ActiveCfg = Release|Any CPU
		{FCE8B76B-F473-40A7-B022-E4B7AC8C7C40}.Release|ARM.Build.0 = Release|Any CPU
		{FCE8B76B-F473-40A7-B022-E4B7AC8C7C40}.Release|ARM64.ActiveCfg = Release|Any CPU
		{FCE8B76B-F473-40A7-B022-E4B7AC8C7C40}.Release|ARM64.Build.0 = Release|Any CPU
		{FCE8B76B-F473-40A7-B022-E4B7AC8C7C40}.Release|x64.ActiveCfg = Release|Any CPU
		{FCE8B76B-F473-40A7-B022-E4B7AC8C7C40}.Release|x64.Build.0 = Release|Any CPU
		{FCE8B76B-F473-40A7-B022-E4B7AC8C7C40}.Release|x86.ActiveCfg = Release|Any CPU
		{FCE8B76B-F473-40A7-B022-E4B7AC8C7C40}.Release|x86.Build.0 = Release|Any CPU
		{0C4033B3-739C-4EB4-87FF-3014817758D7}.Debug|Any CPU.ActiveCfg = Debug|Any CPU
		{0C4033B3-739C-4EB4-87FF-3014817758D7}.Debug|Any CPU.Build.0 = Debug|Any CPU
		{0C4033B3-739C-4EB4-87FF-3014817758D7}.Debug|ARM.ActiveCfg = Debug|Any CPU
		{0C4033B3-739C-4EB4-87FF-3014817758D7}.Debug|ARM.Build.0 = Debug|Any CPU
		{0C4033B3-739C-4EB4-87FF-3014817758D7}.Debug|ARM64.ActiveCfg = Debug|Any CPU
		{0C4033B3-739C-4EB4-87FF-3014817758D7}.Debug|ARM64.Build.0 = Debug|Any CPU
		{0C4033B3-739C-4EB4-87FF-3014817758D7}.Debug|x64.ActiveCfg = Debug|Any CPU
		{0C4033B3-739C-4EB4-87FF-3014817758D7}.Debug|x64.Build.0 = Debug|Any CPU
		{0C4033B3-739C-4EB4-87FF-3014817758D7}.Debug|x86.ActiveCfg = Debug|Any CPU
		{0C4033B3-739C-4EB4-87FF-3014817758D7}.Debug|x86.Build.0 = Debug|Any CPU
		{0C4033B3-739C-4EB4-87FF-3014817758D7}.Release|Any CPU.ActiveCfg = Release|Any CPU
		{0C4033B3-739C-4EB4-87FF-3014817758D7}.Release|Any CPU.Build.0 = Release|Any CPU
		{0C4033B3-739C-4EB4-87FF-3014817758D7}.Release|ARM.ActiveCfg = Release|Any CPU
		{0C4033B3-739C-4EB4-87FF-3014817758D7}.Release|ARM.Build.0 = Release|Any CPU
		{0C4033B3-739C-4EB4-87FF-3014817758D7}.Release|ARM64.ActiveCfg = Release|Any CPU
		{0C4033B3-739C-4EB4-87FF-3014817758D7}.Release|ARM64.Build.0 = Release|Any CPU
		{0C4033B3-739C-4EB4-87FF-3014817758D7}.Release|x64.ActiveCfg = Release|Any CPU
		{0C4033B3-739C-4EB4-87FF-3014817758D7}.Release|x64.Build.0 = Release|Any CPU
		{0C4033B3-739C-4EB4-87FF-3014817758D7}.Release|x86.ActiveCfg = Release|Any CPU
		{0C4033B3-739C-4EB4-87FF-3014817758D7}.Release|x86.Build.0 = Release|Any CPU
		{9A5E3D6D-9853-4A34-BB6C-652A180CE990}.Debug|Any CPU.ActiveCfg = Debug|Any CPU
		{9A5E3D6D-9853-4A34-BB6C-652A180CE990}.Debug|Any CPU.Build.0 = Debug|Any CPU
		{9A5E3D6D-9853-4A34-BB6C-652A180CE990}.Debug|ARM.ActiveCfg = Debug|Any CPU
		{9A5E3D6D-9853-4A34-BB6C-652A180CE990}.Debug|ARM.Build.0 = Debug|Any CPU
		{9A5E3D6D-9853-4A34-BB6C-652A180CE990}.Debug|ARM64.ActiveCfg = Debug|Any CPU
		{9A5E3D6D-9853-4A34-BB6C-652A180CE990}.Debug|ARM64.Build.0 = Debug|Any CPU
		{9A5E3D6D-9853-4A34-BB6C-652A180CE990}.Debug|x64.ActiveCfg = Debug|Any CPU
		{9A5E3D6D-9853-4A34-BB6C-652A180CE990}.Debug|x64.Build.0 = Debug|Any CPU
		{9A5E3D6D-9853-4A34-BB6C-652A180CE990}.Debug|x86.ActiveCfg = Debug|Any CPU
		{9A5E3D6D-9853-4A34-BB6C-652A180CE990}.Debug|x86.Build.0 = Debug|Any CPU
		{9A5E3D6D-9853-4A34-BB6C-652A180CE990}.Release|Any CPU.ActiveCfg = Release|Any CPU
		{9A5E3D6D-9853-4A34-BB6C-652A180CE990}.Release|Any CPU.Build.0 = Release|Any CPU
		{9A5E3D6D-9853-4A34-BB6C-652A180CE990}.Release|ARM.ActiveCfg = Release|Any CPU
		{9A5E3D6D-9853-4A34-BB6C-652A180CE990}.Release|ARM.Build.0 = Release|Any CPU
		{9A5E3D6D-9853-4A34-BB6C-652A180CE990}.Release|ARM64.ActiveCfg = Release|Any CPU
		{9A5E3D6D-9853-4A34-BB6C-652A180CE990}.Release|ARM64.Build.0 = Release|Any CPU
		{9A5E3D6D-9853-4A34-BB6C-652A180CE990}.Release|x64.ActiveCfg = Release|Any CPU
		{9A5E3D6D-9853-4A34-BB6C-652A180CE990}.Release|x64.Build.0 = Release|Any CPU
		{9A5E3D6D-9853-4A34-BB6C-652A180CE990}.Release|x86.ActiveCfg = Release|Any CPU
		{9A5E3D6D-9853-4A34-BB6C-652A180CE990}.Release|x86.Build.0 = Release|Any CPU
		{4ACC9C7B-3608-4DC1-BBE3-4E574124B616}.Debug|Any CPU.ActiveCfg = Debug|Any CPU
		{4ACC9C7B-3608-4DC1-BBE3-4E574124B616}.Debug|Any CPU.Build.0 = Debug|Any CPU
		{4ACC9C7B-3608-4DC1-BBE3-4E574124B616}.Debug|ARM.ActiveCfg = Debug|Any CPU
		{4ACC9C7B-3608-4DC1-BBE3-4E574124B616}.Debug|ARM.Build.0 = Debug|Any CPU
		{4ACC9C7B-3608-4DC1-BBE3-4E574124B616}.Debug|ARM64.ActiveCfg = Debug|Any CPU
		{4ACC9C7B-3608-4DC1-BBE3-4E574124B616}.Debug|ARM64.Build.0 = Debug|Any CPU
		{4ACC9C7B-3608-4DC1-BBE3-4E574124B616}.Debug|x64.ActiveCfg = Debug|Any CPU
		{4ACC9C7B-3608-4DC1-BBE3-4E574124B616}.Debug|x64.Build.0 = Debug|Any CPU
		{4ACC9C7B-3608-4DC1-BBE3-4E574124B616}.Debug|x86.ActiveCfg = Debug|Any CPU
		{4ACC9C7B-3608-4DC1-BBE3-4E574124B616}.Debug|x86.Build.0 = Debug|Any CPU
		{4ACC9C7B-3608-4DC1-BBE3-4E574124B616}.Release|Any CPU.ActiveCfg = Release|Any CPU
		{4ACC9C7B-3608-4DC1-BBE3-4E574124B616}.Release|Any CPU.Build.0 = Release|Any CPU
		{4ACC9C7B-3608-4DC1-BBE3-4E574124B616}.Release|ARM.ActiveCfg = Release|Any CPU
		{4ACC9C7B-3608-4DC1-BBE3-4E574124B616}.Release|ARM.Build.0 = Release|Any CPU
		{4ACC9C7B-3608-4DC1-BBE3-4E574124B616}.Release|ARM64.ActiveCfg = Release|Any CPU
		{4ACC9C7B-3608-4DC1-BBE3-4E574124B616}.Release|ARM64.Build.0 = Release|Any CPU
		{4ACC9C7B-3608-4DC1-BBE3-4E574124B616}.Release|x64.ActiveCfg = Release|Any CPU
		{4ACC9C7B-3608-4DC1-BBE3-4E574124B616}.Release|x64.Build.0 = Release|Any CPU
		{4ACC9C7B-3608-4DC1-BBE3-4E574124B616}.Release|x86.ActiveCfg = Release|Any CPU
		{4ACC9C7B-3608-4DC1-BBE3-4E574124B616}.Release|x86.Build.0 = Release|Any CPU
		{125DBD1E-BFBA-46F0-9438-C0E07F0E96B1}.Debug|Any CPU.ActiveCfg = Debug|Any CPU
		{125DBD1E-BFBA-46F0-9438-C0E07F0E96B1}.Debug|Any CPU.Build.0 = Debug|Any CPU
		{125DBD1E-BFBA-46F0-9438-C0E07F0E96B1}.Debug|ARM.ActiveCfg = Debug|Any CPU
		{125DBD1E-BFBA-46F0-9438-C0E07F0E96B1}.Debug|ARM.Build.0 = Debug|Any CPU
		{125DBD1E-BFBA-46F0-9438-C0E07F0E96B1}.Debug|ARM64.ActiveCfg = Debug|Any CPU
		{125DBD1E-BFBA-46F0-9438-C0E07F0E96B1}.Debug|ARM64.Build.0 = Debug|Any CPU
		{125DBD1E-BFBA-46F0-9438-C0E07F0E96B1}.Debug|x64.ActiveCfg = Debug|Any CPU
		{125DBD1E-BFBA-46F0-9438-C0E07F0E96B1}.Debug|x64.Build.0 = Debug|Any CPU
		{125DBD1E-BFBA-46F0-9438-C0E07F0E96B1}.Debug|x86.ActiveCfg = Debug|Any CPU
		{125DBD1E-BFBA-46F0-9438-C0E07F0E96B1}.Debug|x86.Build.0 = Debug|Any CPU
		{125DBD1E-BFBA-46F0-9438-C0E07F0E96B1}.Release|Any CPU.ActiveCfg = Release|Any CPU
		{125DBD1E-BFBA-46F0-9438-C0E07F0E96B1}.Release|Any CPU.Build.0 = Release|Any CPU
		{125DBD1E-BFBA-46F0-9438-C0E07F0E96B1}.Release|ARM.ActiveCfg = Release|Any CPU
		{125DBD1E-BFBA-46F0-9438-C0E07F0E96B1}.Release|ARM.Build.0 = Release|Any CPU
		{125DBD1E-BFBA-46F0-9438-C0E07F0E96B1}.Release|ARM64.ActiveCfg = Release|Any CPU
		{125DBD1E-BFBA-46F0-9438-C0E07F0E96B1}.Release|ARM64.Build.0 = Release|Any CPU
		{125DBD1E-BFBA-46F0-9438-C0E07F0E96B1}.Release|x64.ActiveCfg = Release|Any CPU
		{125DBD1E-BFBA-46F0-9438-C0E07F0E96B1}.Release|x64.Build.0 = Release|Any CPU
		{125DBD1E-BFBA-46F0-9438-C0E07F0E96B1}.Release|x86.ActiveCfg = Release|Any CPU
		{125DBD1E-BFBA-46F0-9438-C0E07F0E96B1}.Release|x86.Build.0 = Release|Any CPU
		{BBBC9604-7B6F-4932-AE0C-BF853D103AE8}.Debug|Any CPU.ActiveCfg = Debug|Any CPU
		{BBBC9604-7B6F-4932-AE0C-BF853D103AE8}.Debug|Any CPU.Build.0 = Debug|Any CPU
		{BBBC9604-7B6F-4932-AE0C-BF853D103AE8}.Debug|ARM.ActiveCfg = Debug|Any CPU
		{BBBC9604-7B6F-4932-AE0C-BF853D103AE8}.Debug|ARM.Build.0 = Debug|Any CPU
		{BBBC9604-7B6F-4932-AE0C-BF853D103AE8}.Debug|ARM64.ActiveCfg = Debug|Any CPU
		{BBBC9604-7B6F-4932-AE0C-BF853D103AE8}.Debug|ARM64.Build.0 = Debug|Any CPU
		{BBBC9604-7B6F-4932-AE0C-BF853D103AE8}.Debug|x64.ActiveCfg = Debug|Any CPU
		{BBBC9604-7B6F-4932-AE0C-BF853D103AE8}.Debug|x64.Build.0 = Debug|Any CPU
		{BBBC9604-7B6F-4932-AE0C-BF853D103AE8}.Debug|x86.ActiveCfg = Debug|Any CPU
		{BBBC9604-7B6F-4932-AE0C-BF853D103AE8}.Debug|x86.Build.0 = Debug|Any CPU
		{BBBC9604-7B6F-4932-AE0C-BF853D103AE8}.Release|Any CPU.ActiveCfg = Release|Any CPU
		{BBBC9604-7B6F-4932-AE0C-BF853D103AE8}.Release|Any CPU.Build.0 = Release|Any CPU
		{BBBC9604-7B6F-4932-AE0C-BF853D103AE8}.Release|ARM.ActiveCfg = Release|Any CPU
		{BBBC9604-7B6F-4932-AE0C-BF853D103AE8}.Release|ARM.Build.0 = Release|Any CPU
		{BBBC9604-7B6F-4932-AE0C-BF853D103AE8}.Release|ARM64.ActiveCfg = Release|Any CPU
		{BBBC9604-7B6F-4932-AE0C-BF853D103AE8}.Release|ARM64.Build.0 = Release|Any CPU
		{BBBC9604-7B6F-4932-AE0C-BF853D103AE8}.Release|x64.ActiveCfg = Release|Any CPU
		{BBBC9604-7B6F-4932-AE0C-BF853D103AE8}.Release|x64.Build.0 = Release|Any CPU
		{BBBC9604-7B6F-4932-AE0C-BF853D103AE8}.Release|x86.ActiveCfg = Release|Any CPU
		{BBBC9604-7B6F-4932-AE0C-BF853D103AE8}.Release|x86.Build.0 = Release|Any CPU
		{C0A6BA57-2E87-43B1-8D3F-64A03DF6224D}.Debug|Any CPU.ActiveCfg = Debug|Any CPU
		{C0A6BA57-2E87-43B1-8D3F-64A03DF6224D}.Debug|Any CPU.Build.0 = Debug|Any CPU
		{C0A6BA57-2E87-43B1-8D3F-64A03DF6224D}.Debug|ARM.ActiveCfg = Debug|Any CPU
		{C0A6BA57-2E87-43B1-8D3F-64A03DF6224D}.Debug|ARM.Build.0 = Debug|Any CPU
		{C0A6BA57-2E87-43B1-8D3F-64A03DF6224D}.Debug|ARM64.ActiveCfg = Debug|Any CPU
		{C0A6BA57-2E87-43B1-8D3F-64A03DF6224D}.Debug|ARM64.Build.0 = Debug|Any CPU
		{C0A6BA57-2E87-43B1-8D3F-64A03DF6224D}.Debug|x64.ActiveCfg = Debug|Any CPU
		{C0A6BA57-2E87-43B1-8D3F-64A03DF6224D}.Debug|x64.Build.0 = Debug|Any CPU
		{C0A6BA57-2E87-43B1-8D3F-64A03DF6224D}.Debug|x86.ActiveCfg = Debug|Any CPU
		{C0A6BA57-2E87-43B1-8D3F-64A03DF6224D}.Debug|x86.Build.0 = Debug|Any CPU
		{C0A6BA57-2E87-43B1-8D3F-64A03DF6224D}.Release|Any CPU.ActiveCfg = Release|Any CPU
		{C0A6BA57-2E87-43B1-8D3F-64A03DF6224D}.Release|Any CPU.Build.0 = Release|Any CPU
		{C0A6BA57-2E87-43B1-8D3F-64A03DF6224D}.Release|ARM.ActiveCfg = Release|Any CPU
		{C0A6BA57-2E87-43B1-8D3F-64A03DF6224D}.Release|ARM.Build.0 = Release|Any CPU
		{C0A6BA57-2E87-43B1-8D3F-64A03DF6224D}.Release|ARM64.ActiveCfg = Release|Any CPU
		{C0A6BA57-2E87-43B1-8D3F-64A03DF6224D}.Release|ARM64.Build.0 = Release|Any CPU
		{C0A6BA57-2E87-43B1-8D3F-64A03DF6224D}.Release|x64.ActiveCfg = Release|Any CPU
		{C0A6BA57-2E87-43B1-8D3F-64A03DF6224D}.Release|x64.Build.0 = Release|Any CPU
		{C0A6BA57-2E87-43B1-8D3F-64A03DF6224D}.Release|x86.ActiveCfg = Release|Any CPU
		{C0A6BA57-2E87-43B1-8D3F-64A03DF6224D}.Release|x86.Build.0 = Release|Any CPU
		{C25FB131-D38D-4319-9099-C787D9677B53}.Debug|Any CPU.ActiveCfg = Debug|Any CPU
		{C25FB131-D38D-4319-9099-C787D9677B53}.Debug|Any CPU.Build.0 = Debug|Any CPU
		{C25FB131-D38D-4319-9099-C787D9677B53}.Debug|ARM.ActiveCfg = Debug|Any CPU
		{C25FB131-D38D-4319-9099-C787D9677B53}.Debug|ARM.Build.0 = Debug|Any CPU
		{C25FB131-D38D-4319-9099-C787D9677B53}.Debug|ARM64.ActiveCfg = Debug|Any CPU
		{C25FB131-D38D-4319-9099-C787D9677B53}.Debug|ARM64.Build.0 = Debug|Any CPU
		{C25FB131-D38D-4319-9099-C787D9677B53}.Debug|x64.ActiveCfg = Debug|Any CPU
		{C25FB131-D38D-4319-9099-C787D9677B53}.Debug|x64.Build.0 = Debug|Any CPU
		{C25FB131-D38D-4319-9099-C787D9677B53}.Debug|x86.ActiveCfg = Debug|Any CPU
		{C25FB131-D38D-4319-9099-C787D9677B53}.Debug|x86.Build.0 = Debug|Any CPU
		{C25FB131-D38D-4319-9099-C787D9677B53}.Release|Any CPU.ActiveCfg = Release|Any CPU
		{C25FB131-D38D-4319-9099-C787D9677B53}.Release|Any CPU.Build.0 = Release|Any CPU
		{C25FB131-D38D-4319-9099-C787D9677B53}.Release|ARM.ActiveCfg = Release|Any CPU
		{C25FB131-D38D-4319-9099-C787D9677B53}.Release|ARM.Build.0 = Release|Any CPU
		{C25FB131-D38D-4319-9099-C787D9677B53}.Release|ARM64.ActiveCfg = Release|Any CPU
		{C25FB131-D38D-4319-9099-C787D9677B53}.Release|ARM64.Build.0 = Release|Any CPU
		{C25FB131-D38D-4319-9099-C787D9677B53}.Release|x64.ActiveCfg = Release|Any CPU
		{C25FB131-D38D-4319-9099-C787D9677B53}.Release|x64.Build.0 = Release|Any CPU
		{C25FB131-D38D-4319-9099-C787D9677B53}.Release|x86.ActiveCfg = Release|Any CPU
		{C25FB131-D38D-4319-9099-C787D9677B53}.Release|x86.Build.0 = Release|Any CPU
	EndGlobalSection
	GlobalSection(SolutionProperties) = preSolution
		HideSolutionNode = FALSE
	EndGlobalSection
	GlobalSection(ExtensibilityGlobals) = postSolution
		SolutionGuid = {E06E53C0-CAA7-4E28-ACA2-72D3FC1243C5}
	EndGlobalSection
EndGlobal
