
Microsoft Visual Studio Solution File, Format Version 12.00
# Visual Studio 15
VisualStudioVersion = 15.0.28307.329
MinimumVisualStudioVersion = 10.0.40219.1
Project("{8BC9CEB8-8B4A-11D0-8D11-00A0C91BC942}") = "DialogCreation", "DialogCreation\DialogCreation.vcxproj", "{04AB3DD7-82E6-4249-9241-3E3A95E6D0A0}"
EndProject
Global
	GlobalSection(SolutionConfigurationPlatforms) = preSolution
		Debug|x64 = Debug|x64
		Debug|x86 = Debug|x86
		Release|x64 = Release|x64
		Release|x86 = Release|x86
	EndGlobalSection
	GlobalSection(ProjectConfigurationPlatforms) = postSolution
		{04AB3DD7-82E6-4249-9241-3E3A95E6D0A0}.Debug|x64.ActiveCfg = Debug|x64
		{04AB3DD7-82E6-4249-9241-3E3A95E6D0A0}.Debug|x64.Build.0 = Debug|x64
		{04AB3DD7-82E6-4249-9241-3E3A95E6D0A0}.Debug|x86.ActiveCfg = Debug|Win32
		{04AB3DD7-82E6-4249-9241-3E3A95E6D0A0}.Debug|x86.Build.0 = Debug|Win32
		{04AB3DD7-82E6-4249-9241-3E3A95E6D0A0}.Release|x64.ActiveCfg = Release|x64
		{04AB3DD7-82E6-4249-9241-3E3A95E6D0A0}.Release|x64.Build.0 = Release|x64
		{04AB3DD7-82E6-4249-9241-3E3A95E6D0A0}.Release|x86.ActiveCfg = Release|Win32
		{04AB3DD7-82E6-4249-9241-3E3A95E6D0A0}.Release|x86.Build.0 = Release|Win32
	EndGlobalSection
	GlobalSection(SolutionProperties) = preSolution
		HideSolutionNode = FALSE
	EndGlobalSection
	GlobalSection(ExtensibilityGlobals) = postSolution
		SolutionGuid = {9901750E-9E9C-43A9-B1F9-D6FD4C8B6337}
	EndGlobalSection
EndGlobal
